
Microsoft Visual Studio Solution File, Format Version 12.00
# Visual Studio Version 17
VisualStudioVersion = 17.5.002.0
MinimumVisualStudioVersion = 10.0.40219.1
Project("{2150E333-8FDC-42A3-9474-1A3956D46DE8}") = "week01", "week01", "{DADC632A-5C93-4FC1-BFE1-23B69FA006ED}"
EndProject
Project("{9A19103F-16F7-4668-BE54-9A1E7A4F7556}") = "code", "week01\code\code.csproj", "{93747D40-110B-409C-B485-A61489133553}"
EndProject
Project("{9A19103F-16F7-4668-BE54-9A1E7A4F7556}") = "analyze", "week01\analyze\analyze.csproj", "{15C3A3FB-7F4C-40F3-889B-FC1F5780A170}"
EndProject
Project("{9A19103F-16F7-4668-BE54-9A1E7A4F7556}") = "teach", "week01\teach\teach.csproj", "{409804E5-0323-4E53-AD32-1F12768F2267}"
EndProject
Project("{2150E333-8FDC-42A3-9474-1A3956D46DE8}") = "week06", "week06", "{2A5659FB-270E-4E57-80A5-30ACEB3FB261}"
EndProject
Project("{9A19103F-16F7-4668-BE54-9A1E7A4F7556}") = "code", "week06\code\code.csproj", "{2B098B88-DD0A-494C-9500-6C2B92FAF8EF}"
EndProject
Project("{2150E333-8FDC-42A3-9474-1A3956D46DE8}") = "sandbox", "sandbox", "{753F67A9-A257-4D43-8ECE-1DDA339F3BAB}"
EndProject
Project("{9A19103F-16F7-4668-BE54-9A1E7A4F7556}") = "sandbox_project", "sandbox\sandbox_project\sandbox_project.csproj", "{37D171F1-DE2D-4FB6-A1C5-FC2C2AF26CE7}"
EndProject
Project("{2150E333-8FDC-42A3-9474-1A3956D46DE8}") = "week05", "week05", "{D4B6197F-16A1-4FC9-98AD-48095ADAF21C}"
EndProject
Project("{9A19103F-16F7-4668-BE54-9A1E7A4F7556}") = "code", "week05\code\code.csproj", "{78D70466-A101-4D84-A0AE-F8EB26DC6CA8}"
EndProject
Project("{2150E333-8FDC-42A3-9474-1A3956D46DE8}") = "week02", "week02", "{F93F2827-DF50-40D1-BC21-E9AD6A6E35EA}"
EndProject
Project("{9A19103F-16F7-4668-BE54-9A1E7A4F7556}") = "learn", "week02\learn\learn.csproj", "{21D9099A-E56A-409F-B6EA-CC744A226180}"
EndProject
Project("{9A19103F-16F7-4668-BE54-9A1E7A4F7556}") = "code", "week02\code\code.csproj", "{001AA097-2365-40F7-A6F0-5BA1E2E7061B}"
EndProject
Project("{9A19103F-16F7-4668-BE54-9A1E7A4F7556}") = "analyze", "week02\analyze\analyze.csproj", "{45F9BA66-9B1A-41B7-9DEA-09D46796F496}"
EndProject
Project("{9A19103F-16F7-4668-BE54-9A1E7A4F7556}") = "teach", "week02\teach\teach.csproj", "{61E5D58A-99AE-49CE-8286-B15A6429DBD7}"
EndProject
Project("{2150E333-8FDC-42A3-9474-1A3956D46DE8}") = "week03", "week03", "{255EED81-9A9A-4E01-8D41-389AE2A7A1A7}"
EndProject
Project("{9A19103F-16F7-4668-BE54-9A1E7A4F7556}") = "learn", "week03\learn\learn.csproj", "{038ADB05-660C-475F-AD67-4EE18ECBB2C5}"
EndProject
Project("{9A19103F-16F7-4668-BE54-9A1E7A4F7556}") = "code", "week03\code\code.csproj", "{A03D0329-A51E-4BF5-BF32-1E863D799D3C}"
EndProject
Project("{9A19103F-16F7-4668-BE54-9A1E7A4F7556}") = "teach", "week03\teach\teach.csproj", "{23D59579-3A73-4108-97D2-DC100F41C30D}"
EndProject
Project("{2150E333-8FDC-42A3-9474-1A3956D46DE8}") = "week04", "week04", "{23D679A2-45CA-40EF-A8C2-AB3F86539E46}"
EndProject
Project("{9A19103F-16F7-4668-BE54-9A1E7A4F7556}") = "code", "week04\code\code.csproj", "{6818A14A-14F8-435E-A278-B273BF1C49A0}"
EndProject
Global
	GlobalSection(SolutionConfigurationPlatforms) = preSolution
		Debug|Any CPU = Debug|Any CPU
		Release|Any CPU = Release|Any CPU
	EndGlobalSection
	GlobalSection(ProjectConfigurationPlatforms) = postSolution
		{93747D40-110B-409C-B485-A61489133553}.Debug|Any CPU.ActiveCfg = Debug|Any CPU
		{93747D40-110B-409C-B485-A61489133553}.Debug|Any CPU.Build.0 = Debug|Any CPU
		{93747D40-110B-409C-B485-A61489133553}.Release|Any CPU.ActiveCfg = Release|Any CPU
		{93747D40-110B-409C-B485-A61489133553}.Release|Any CPU.Build.0 = Release|Any CPU
		{15C3A3FB-7F4C-40F3-889B-FC1F5780A170}.Debug|Any CPU.ActiveCfg = Debug|Any CPU
		{15C3A3FB-7F4C-40F3-889B-FC1F5780A170}.Debug|Any CPU.Build.0 = Debug|Any CPU
		{15C3A3FB-7F4C-40F3-889B-FC1F5780A170}.Release|Any CPU.ActiveCfg = Release|Any CPU
		{15C3A3FB-7F4C-40F3-889B-FC1F5780A170}.Release|Any CPU.Build.0 = Release|Any CPU
		{409804E5-0323-4E53-AD32-1F12768F2267}.Debug|Any CPU.ActiveCfg = Debug|Any CPU
		{409804E5-0323-4E53-AD32-1F12768F2267}.Debug|Any CPU.Build.0 = Debug|Any CPU
		{409804E5-0323-4E53-AD32-1F12768F2267}.Release|Any CPU.ActiveCfg = Release|Any CPU
		{409804E5-0323-4E53-AD32-1F12768F2267}.Release|Any CPU.Build.0 = Release|Any CPU
		{2B098B88-DD0A-494C-9500-6C2B92FAF8EF}.Debug|Any CPU.ActiveCfg = Debug|Any CPU
		{2B098B88-DD0A-494C-9500-6C2B92FAF8EF}.Debug|Any CPU.Build.0 = Debug|Any CPU
		{2B098B88-DD0A-494C-9500-6C2B92FAF8EF}.Release|Any CPU.ActiveCfg = Release|Any CPU
		{2B098B88-DD0A-494C-9500-6C2B92FAF8EF}.Release|Any CPU.Build.0 = Release|Any CPU
		{37D171F1-DE2D-4FB6-A1C5-FC2C2AF26CE7}.Debug|Any CPU.ActiveCfg = Debug|Any CPU
		{37D171F1-DE2D-4FB6-A1C5-FC2C2AF26CE7}.Debug|Any CPU.Build.0 = Debug|Any CPU
		{37D171F1-DE2D-4FB6-A1C5-FC2C2AF26CE7}.Release|Any CPU.ActiveCfg = Release|Any CPU
		{37D171F1-DE2D-4FB6-A1C5-FC2C2AF26CE7}.Release|Any CPU.Build.0 = Release|Any CPU
		{78D70466-A101-4D84-A0AE-F8EB26DC6CA8}.Debug|Any CPU.ActiveCfg = Debug|Any CPU
		{78D70466-A101-4D84-A0AE-F8EB26DC6CA8}.Debug|Any CPU.Build.0 = Debug|Any CPU
		{78D70466-A101-4D84-A0AE-F8EB26DC6CA8}.Release|Any CPU.ActiveCfg = Release|Any CPU
		{78D70466-A101-4D84-A0AE-F8EB26DC6CA8}.Release|Any CPU.Build.0 = Release|Any CPU
		{21D9099A-E56A-409F-B6EA-CC744A226180}.Debug|Any CPU.ActiveCfg = Debug|Any CPU
		{21D9099A-E56A-409F-B6EA-CC744A226180}.Debug|Any CPU.Build.0 = Debug|Any CPU
		{21D9099A-E56A-409F-B6EA-CC744A226180}.Release|Any CPU.ActiveCfg = Release|Any CPU
		{21D9099A-E56A-409F-B6EA-CC744A226180}.Release|Any CPU.Build.0 = Release|Any CPU
		{001AA097-2365-40F7-A6F0-5BA1E2E7061B}.Debug|Any CPU.ActiveCfg = Debug|Any CPU
		{001AA097-2365-40F7-A6F0-5BA1E2E7061B}.Debug|Any CPU.Build.0 = Debug|Any CPU
		{001AA097-2365-40F7-A6F0-5BA1E2E7061B}.Release|Any CPU.ActiveCfg = Release|Any CPU
		{001AA097-2365-40F7-A6F0-5BA1E2E7061B}.Release|Any CPU.Build.0 = Release|Any CPU
		{45F9BA66-9B1A-41B7-9DEA-09D46796F496}.Debug|Any CPU.ActiveCfg = Debug|Any CPU
		{45F9BA66-9B1A-41B7-9DEA-09D46796F496}.Debug|Any CPU.Build.0 = Debug|Any CPU
		{45F9BA66-9B1A-41B7-9DEA-09D46796F496}.Release|Any CPU.ActiveCfg = Release|Any CPU
		{45F9BA66-9B1A-41B7-9DEA-09D46796F496}.Release|Any CPU.Build.0 = Release|Any CPU
		{61E5D58A-99AE-49CE-8286-B15A6429DBD7}.Debug|Any CPU.ActiveCfg = Debug|Any CPU
		{61E5D58A-99AE-49CE-8286-B15A6429DBD7}.Debug|Any CPU.Build.0 = Debug|Any CPU
		{61E5D58A-99AE-49CE-8286-B15A6429DBD7}.Release|Any CPU.ActiveCfg = Release|Any CPU
		{61E5D58A-99AE-49CE-8286-B15A6429DBD7}.Release|Any CPU.Build.0 = Release|Any CPU
		{038ADB05-660C-475F-AD67-4EE18ECBB2C5}.Debug|Any CPU.ActiveCfg = Debug|Any CPU
		{038ADB05-660C-475F-AD67-4EE18ECBB2C5}.Debug|Any CPU.Build.0 = Debug|Any CPU
		{038ADB05-660C-475F-AD67-4EE18ECBB2C5}.Release|Any CPU.ActiveCfg = Release|Any CPU
		{038ADB05-660C-475F-AD67-4EE18ECBB2C5}.Release|Any CPU.Build.0 = Release|Any CPU
		{A03D0329-A51E-4BF5-BF32-1E863D799D3C}.Debug|Any CPU.ActiveCfg = Debug|Any CPU
		{A03D0329-A51E-4BF5-BF32-1E863D799D3C}.Debug|Any CPU.Build.0 = Debug|Any CPU
		{A03D0329-A51E-4BF5-BF32-1E863D799D3C}.Release|Any CPU.ActiveCfg = Release|Any CPU
		{A03D0329-A51E-4BF5-BF32-1E863D799D3C}.Release|Any CPU.Build.0 = Release|Any CPU
		{23D59579-3A73-4108-97D2-DC100F41C30D}.Debug|Any CPU.ActiveCfg = Debug|Any CPU
		{23D59579-3A73-4108-97D2-DC100F41C30D}.Debug|Any CPU.Build.0 = Debug|Any CPU
		{23D59579-3A73-4108-97D2-DC100F41C30D}.Release|Any CPU.ActiveCfg = Release|Any CPU
		{23D59579-3A73-4108-97D2-DC100F41C30D}.Release|Any CPU.Build.0 = Release|Any CPU
		{6818A14A-14F8-435E-A278-B273BF1C49A0}.Debug|Any CPU.ActiveCfg = Debug|Any CPU
		{6818A14A-14F8-435E-A278-B273BF1C49A0}.Debug|Any CPU.Build.0 = Debug|Any CPU
		{6818A14A-14F8-435E-A278-B273BF1C49A0}.Release|Any CPU.ActiveCfg = Release|Any CPU
		{6818A14A-14F8-435E-A278-B273BF1C49A0}.Release|Any CPU.Build.0 = Release|Any CPU
	EndGlobalSection
	GlobalSection(SolutionProperties) = preSolution
		HideSolutionNode = FALSE
	EndGlobalSection
	GlobalSection(NestedProjects) = preSolution
		{93747D40-110B-409C-B485-A61489133553} = {DADC632A-5C93-4FC1-BFE1-23B69FA006ED}
		{15C3A3FB-7F4C-40F3-889B-FC1F5780A170} = {DADC632A-5C93-4FC1-BFE1-23B69FA006ED}
		{409804E5-0323-4E53-AD32-1F12768F2267} = {DADC632A-5C93-4FC1-BFE1-23B69FA006ED}
		{2B098B88-DD0A-494C-9500-6C2B92FAF8EF} = {2A5659FB-270E-4E57-80A5-30ACEB3FB261}
		{37D171F1-DE2D-4FB6-A1C5-FC2C2AF26CE7} = {753F67A9-A257-4D43-8ECE-1DDA339F3BAB}
		{78D70466-A101-4D84-A0AE-F8EB26DC6CA8} = {D4B6197F-16A1-4FC9-98AD-48095ADAF21C}
		{21D9099A-E56A-409F-B6EA-CC744A226180} = {F93F2827-DF50-40D1-BC21-E9AD6A6E35EA}
		{001AA097-2365-40F7-A6F0-5BA1E2E7061B} = {F93F2827-DF50-40D1-BC21-E9AD6A6E35EA}
		{45F9BA66-9B1A-41B7-9DEA-09D46796F496} = {F93F2827-DF50-40D1-BC21-E9AD6A6E35EA}
		{61E5D58A-99AE-49CE-8286-B15A6429DBD7} = {F93F2827-DF50-40D1-BC21-E9AD6A6E35EA}
		{038ADB05-660C-475F-AD67-4EE18ECBB2C5} = {255EED81-9A9A-4E01-8D41-389AE2A7A1A7}
		{A03D0329-A51E-4BF5-BF32-1E863D799D3C} = {255EED81-9A9A-4E01-8D41-389AE2A7A1A7}
		{23D59579-3A73-4108-97D2-DC100F41C30D} = {255EED81-9A9A-4E01-8D41-389AE2A7A1A7}
		{6818A14A-14F8-435E-A278-B273BF1C49A0} = {23D679A2-45CA-40EF-A8C2-AB3F86539E46}
	EndGlobalSection
	GlobalSection(ExtensibilityGlobals) = postSolution
		SolutionGuid = {8C81C1DD-D7A6-4C08-A27C-98310D6467FD}
	EndGlobalSection
EndGlobal
