
Microsoft Visual Studio Solution File, Format Version 12.00
# Visual Studio Version 17
VisualStudioVersion = 17.5.002.0
MinimumVisualStudioVersion = 10.0.40219.1
Project("{2150E333-8FDC-42A3-9474-1A3956D46DE8}") = "week01", "week01", "{F6DC640B-C219-4FC0-B459-DCF61DDD3AEC}"
EndProject
Project("{9A19103F-16F7-4668-BE54-9A1E7A4F7556}") = "code", "week01\code\code.csproj", "{BA9DD87D-246D-4A7D-AE91-F6C83E77F8C5}"
EndProject
Project("{9A19103F-16F7-4668-BE54-9A1E7A4F7556}") = "analyze", "week01\analyze\analyze.csproj", "{55338E34-D324-43ED-B46A-4E1BC29AA2CB}"
EndProject
Project("{9A19103F-16F7-4668-BE54-9A1E7A4F7556}") = "teach", "week01\teach\teach.csproj", "{21558627-BA70-408F-B8BC-C79B88F4A4CF}"
EndProject
Project("{2150E333-8FDC-42A3-9474-1A3956D46DE8}") = "week06", "week06", "{8BB430C8-1672-4C33-91A8-B727B5CECE2E}"
EndProject
Project("{9A19103F-16F7-4668-BE54-9A1E7A4F7556}") = "code", "week06\code\code.csproj", "{35D185C1-2673-46F2-8F5D-2A39DEFE2D0D}"
EndProject
Project("{2150E333-8FDC-42A3-9474-1A3956D46DE8}") = "sandbox", "sandbox", "{88429605-A4D2-4A5A-BAD5-107349E0741D}"
EndProject
Project("{9A19103F-16F7-4668-BE54-9A1E7A4F7556}") = "sandbox_project", "sandbox\sandbox_project\sandbox_project.csproj", "{9725AC8D-B797-4AE0-894C-04FD47E82EA9}"
EndProject
Project("{2150E333-8FDC-42A3-9474-1A3956D46DE8}") = "week05", "week05", "{B5420A0D-61D1-448E-961D-771C0C8E18CA}"
EndProject
Project("{9A19103F-16F7-4668-BE54-9A1E7A4F7556}") = "code", "week05\code\code.csproj", "{D7FDFF19-C62F-48DF-A34F-1CB9275E91B6}"
EndProject
Project("{2150E333-8FDC-42A3-9474-1A3956D46DE8}") = "week02", "week02", "{17698028-10C6-4055-AD6C-5234FA6ED19D}"
EndProject
Project("{9A19103F-16F7-4668-BE54-9A1E7A4F7556}") = "learn", "week02\learn\learn.csproj", "{86E2C20D-6BA7-4005-A85F-725BBC6E0C4C}"
EndProject
Project("{9A19103F-16F7-4668-BE54-9A1E7A4F7556}") = "code", "week02\code\code.csproj", "{EF81D1BE-8849-4B71-8074-698A5C01496A}"
EndProject
Project("{9A19103F-16F7-4668-BE54-9A1E7A4F7556}") = "analyze", "week02\analyze\analyze.csproj", "{34A6F68D-1817-43A0-A0D2-BB348B2F356B}"
EndProject
Project("{9A19103F-16F7-4668-BE54-9A1E7A4F7556}") = "teach", "week02\teach\teach.csproj", "{37B06F68-4C16-4A9F-8098-8E2BFAA4D272}"
EndProject
Project("{2150E333-8FDC-42A3-9474-1A3956D46DE8}") = "week03", "week03", "{9F117626-249D-4136-ABA9-5531C32674BE}"
EndProject
Project("{9A19103F-16F7-4668-BE54-9A1E7A4F7556}") = "learn", "week03\learn\learn.csproj", "{23436B4F-4E9A-4A56-A68A-C2BB7B2CC093}"
EndProject
Project("{9A19103F-16F7-4668-BE54-9A1E7A4F7556}") = "code", "week03\code\code.csproj", "{30B5C467-4B6B-4AF5-AE6E-BCB64048913B}"
EndProject
Project("{9A19103F-16F7-4668-BE54-9A1E7A4F7556}") = "teach", "week03\teach\teach.csproj", "{2F00E1A1-4488-4A0C-963B-55EDE0A9523D}"
EndProject
Project("{2150E333-8FDC-42A3-9474-1A3956D46DE8}") = "week04", "week04", "{746F01C3-C5C6-414C-94B4-4766F51B92A9}"
EndProject
Project("{9A19103F-16F7-4668-BE54-9A1E7A4F7556}") = "code", "week04\code\code.csproj", "{81467C82-6FA0-4B93-8F13-CCC349AAB4E4}"
EndProject
Global
	GlobalSection(SolutionConfigurationPlatforms) = preSolution
		Debug|Any CPU = Debug|Any CPU
		Release|Any CPU = Release|Any CPU
	EndGlobalSection
	GlobalSection(ProjectConfigurationPlatforms) = postSolution
		{BA9DD87D-246D-4A7D-AE91-F6C83E77F8C5}.Debug|Any CPU.ActiveCfg = Debug|Any CPU
		{BA9DD87D-246D-4A7D-AE91-F6C83E77F8C5}.Debug|Any CPU.Build.0 = Debug|Any CPU
		{BA9DD87D-246D-4A7D-AE91-F6C83E77F8C5}.Release|Any CPU.ActiveCfg = Release|Any CPU
		{BA9DD87D-246D-4A7D-AE91-F6C83E77F8C5}.Release|Any CPU.Build.0 = Release|Any CPU
		{55338E34-D324-43ED-B46A-4E1BC29AA2CB}.Debug|Any CPU.ActiveCfg = Debug|Any CPU
		{55338E34-D324-43ED-B46A-4E1BC29AA2CB}.Debug|Any CPU.Build.0 = Debug|Any CPU
		{55338E34-D324-43ED-B46A-4E1BC29AA2CB}.Release|Any CPU.ActiveCfg = Release|Any CPU
		{55338E34-D324-43ED-B46A-4E1BC29AA2CB}.Release|Any CPU.Build.0 = Release|Any CPU
		{21558627-BA70-408F-B8BC-C79B88F4A4CF}.Debug|Any CPU.ActiveCfg = Debug|Any CPU
		{21558627-BA70-408F-B8BC-C79B88F4A4CF}.Debug|Any CPU.Build.0 = Debug|Any CPU
		{21558627-BA70-408F-B8BC-C79B88F4A4CF}.Release|Any CPU.ActiveCfg = Release|Any CPU
		{21558627-BA70-408F-B8BC-C79B88F4A4CF}.Release|Any CPU.Build.0 = Release|Any CPU
		{35D185C1-2673-46F2-8F5D-2A39DEFE2D0D}.Debug|Any CPU.ActiveCfg = Debug|Any CPU
		{35D185C1-2673-46F2-8F5D-2A39DEFE2D0D}.Debug|Any CPU.Build.0 = Debug|Any CPU
		{35D185C1-2673-46F2-8F5D-2A39DEFE2D0D}.Release|Any CPU.ActiveCfg = Release|Any CPU
		{35D185C1-2673-46F2-8F5D-2A39DEFE2D0D}.Release|Any CPU.Build.0 = Release|Any CPU
		{9725AC8D-B797-4AE0-894C-04FD47E82EA9}.Debug|Any CPU.ActiveCfg = Debug|Any CPU
		{9725AC8D-B797-4AE0-894C-04FD47E82EA9}.Debug|Any CPU.Build.0 = Debug|Any CPU
		{9725AC8D-B797-4AE0-894C-04FD47E82EA9}.Release|Any CPU.ActiveCfg = Release|Any CPU
		{9725AC8D-B797-4AE0-894C-04FD47E82EA9}.Release|Any CPU.Build.0 = Release|Any CPU
		{D7FDFF19-C62F-48DF-A34F-1CB9275E91B6}.Debug|Any CPU.ActiveCfg = Debug|Any CPU
		{D7FDFF19-C62F-48DF-A34F-1CB9275E91B6}.Debug|Any CPU.Build.0 = Debug|Any CPU
		{D7FDFF19-C62F-48DF-A34F-1CB9275E91B6}.Release|Any CPU.ActiveCfg = Release|Any CPU
		{D7FDFF19-C62F-48DF-A34F-1CB9275E91B6}.Release|Any CPU.Build.0 = Release|Any CPU
		{86E2C20D-6BA7-4005-A85F-725BBC6E0C4C}.Debug|Any CPU.ActiveCfg = Debug|Any CPU
		{86E2C20D-6BA7-4005-A85F-725BBC6E0C4C}.Debug|Any CPU.Build.0 = Debug|Any CPU
		{86E2C20D-6BA7-4005-A85F-725BBC6E0C4C}.Release|Any CPU.ActiveCfg = Release|Any CPU
		{86E2C20D-6BA7-4005-A85F-725BBC6E0C4C}.Release|Any CPU.Build.0 = Release|Any CPU
		{EF81D1BE-8849-4B71-8074-698A5C01496A}.Debug|Any CPU.ActiveCfg = Debug|Any CPU
		{EF81D1BE-8849-4B71-8074-698A5C01496A}.Debug|Any CPU.Build.0 = Debug|Any CPU
		{EF81D1BE-8849-4B71-8074-698A5C01496A}.Release|Any CPU.ActiveCfg = Release|Any CPU
		{EF81D1BE-8849-4B71-8074-698A5C01496A}.Release|Any CPU.Build.0 = Release|Any CPU
		{34A6F68D-1817-43A0-A0D2-BB348B2F356B}.Debug|Any CPU.ActiveCfg = Debug|Any CPU
		{34A6F68D-1817-43A0-A0D2-BB348B2F356B}.Debug|Any CPU.Build.0 = Debug|Any CPU
		{34A6F68D-1817-43A0-A0D2-BB348B2F356B}.Release|Any CPU.ActiveCfg = Release|Any CPU
		{34A6F68D-1817-43A0-A0D2-BB348B2F356B}.Release|Any CPU.Build.0 = Release|Any CPU
		{37B06F68-4C16-4A9F-8098-8E2BFAA4D272}.Debug|Any CPU.ActiveCfg = Debug|Any CPU
		{37B06F68-4C16-4A9F-8098-8E2BFAA4D272}.Debug|Any CPU.Build.0 = Debug|Any CPU
		{37B06F68-4C16-4A9F-8098-8E2BFAA4D272}.Release|Any CPU.ActiveCfg = Release|Any CPU
		{37B06F68-4C16-4A9F-8098-8E2BFAA4D272}.Release|Any CPU.Build.0 = Release|Any CPU
		{23436B4F-4E9A-4A56-A68A-C2BB7B2CC093}.Debug|Any CPU.ActiveCfg = Debug|Any CPU
		{23436B4F-4E9A-4A56-A68A-C2BB7B2CC093}.Debug|Any CPU.Build.0 = Debug|Any CPU
		{23436B4F-4E9A-4A56-A68A-C2BB7B2CC093}.Release|Any CPU.ActiveCfg = Release|Any CPU
		{23436B4F-4E9A-4A56-A68A-C2BB7B2CC093}.Release|Any CPU.Build.0 = Release|Any CPU
		{30B5C467-4B6B-4AF5-AE6E-BCB64048913B}.Debug|Any CPU.ActiveCfg = Debug|Any CPU
		{30B5C467-4B6B-4AF5-AE6E-BCB64048913B}.Debug|Any CPU.Build.0 = Debug|Any CPU
		{30B5C467-4B6B-4AF5-AE6E-BCB64048913B}.Release|Any CPU.ActiveCfg = Release|Any CPU
		{30B5C467-4B6B-4AF5-AE6E-BCB64048913B}.Release|Any CPU.Build.0 = Release|Any CPU
		{2F00E1A1-4488-4A0C-963B-55EDE0A9523D}.Debug|Any CPU.ActiveCfg = Debug|Any CPU
		{2F00E1A1-4488-4A0C-963B-55EDE0A9523D}.Debug|Any CPU.Build.0 = Debug|Any CPU
		{2F00E1A1-4488-4A0C-963B-55EDE0A9523D}.Release|Any CPU.ActiveCfg = Release|Any CPU
		{2F00E1A1-4488-4A0C-963B-55EDE0A9523D}.Release|Any CPU.Build.0 = Release|Any CPU
		{81467C82-6FA0-4B93-8F13-CCC349AAB4E4}.Debug|Any CPU.ActiveCfg = Debug|Any CPU
		{81467C82-6FA0-4B93-8F13-CCC349AAB4E4}.Debug|Any CPU.Build.0 = Debug|Any CPU
		{81467C82-6FA0-4B93-8F13-CCC349AAB4E4}.Release|Any CPU.ActiveCfg = Release|Any CPU
		{81467C82-6FA0-4B93-8F13-CCC349AAB4E4}.Release|Any CPU.Build.0 = Release|Any CPU
	EndGlobalSection
	GlobalSection(SolutionProperties) = preSolution
		HideSolutionNode = FALSE
	EndGlobalSection
	GlobalSection(NestedProjects) = preSolution
		{BA9DD87D-246D-4A7D-AE91-F6C83E77F8C5} = {F6DC640B-C219-4FC0-B459-DCF61DDD3AEC}
		{55338E34-D324-43ED-B46A-4E1BC29AA2CB} = {F6DC640B-C219-4FC0-B459-DCF61DDD3AEC}
		{21558627-BA70-408F-B8BC-C79B88F4A4CF} = {F6DC640B-C219-4FC0-B459-DCF61DDD3AEC}
		{35D185C1-2673-46F2-8F5D-2A39DEFE2D0D} = {8BB430C8-1672-4C33-91A8-B727B5CECE2E}
		{9725AC8D-B797-4AE0-894C-04FD47E82EA9} = {88429605-A4D2-4A5A-BAD5-107349E0741D}
		{D7FDFF19-C62F-48DF-A34F-1CB9275E91B6} = {B5420A0D-61D1-448E-961D-771C0C8E18CA}
		{86E2C20D-6BA7-4005-A85F-725BBC6E0C4C} = {17698028-10C6-4055-AD6C-5234FA6ED19D}
		{EF81D1BE-8849-4B71-8074-698A5C01496A} = {17698028-10C6-4055-AD6C-5234FA6ED19D}
		{34A6F68D-1817-43A0-A0D2-BB348B2F356B} = {17698028-10C6-4055-AD6C-5234FA6ED19D}
		{37B06F68-4C16-4A9F-8098-8E2BFAA4D272} = {17698028-10C6-4055-AD6C-5234FA6ED19D}
		{23436B4F-4E9A-4A56-A68A-C2BB7B2CC093} = {9F117626-249D-4136-ABA9-5531C32674BE}
		{30B5C467-4B6B-4AF5-AE6E-BCB64048913B} = {9F117626-249D-4136-ABA9-5531C32674BE}
		{2F00E1A1-4488-4A0C-963B-55EDE0A9523D} = {9F117626-249D-4136-ABA9-5531C32674BE}
		{81467C82-6FA0-4B93-8F13-CCC349AAB4E4} = {746F01C3-C5C6-414C-94B4-4766F51B92A9}
	EndGlobalSection
	GlobalSection(ExtensibilityGlobals) = postSolution
		SolutionGuid = {5F30F8E8-4A84-4809-A501-157239101F29}
	EndGlobalSection
EndGlobal
